{
    "version": 3,
    "terraform_version": "0.10.7",
    "serial": 7,
    "lineage": "9155d884-3fc3-4dc3-9b32-4e6de3b50329",
    "modules": [
        {
            "path": [
                "root"
            ],
            "outputs": {},
            "resources": {
                "aws_internet_gateway.aba-igw": {
                    "type": "aws_internet_gateway",
                    "depends_on": [
                        "aws_vpc.teraform-aba"
                    ],
                    "primary": {
                        "id": "igw-1bc1267c",
                        "attributes": {
                            "id": "igw-1bc1267c",
                            "tags.%": "0",
                            "vpc_id": "vpc-f5efb092"
                        },
                        "meta": {},
                        "tainted": false
                    },
                    "deposed": [],
                    "provider": ""
                },
                "aws_route_table.route-aba": {
                    "type": "aws_route_table",
                    "depends_on": [
                        "aws_internet_gateway.aba-igw",
                        "aws_vpc.teraform-aba"
                    ],
                    "primary": {
                        "id": "rtb-278e0641",
                        "attributes": {
                            "id": "rtb-278e0641",
                            "propagating_vgws.#": "0",
                            "route.#": "1",
                            "route.1882465144.cidr_block": "0.0.0.0/0",
                            "route.1882465144.egress_only_gateway_id": "",
                            "route.1882465144.gateway_id": "igw-1bc1267c",
                            "route.1882465144.instance_id": "",
                            "route.1882465144.ipv6_cidr_block": "",
                            "route.1882465144.nat_gateway_id": "",
                            "route.1882465144.network_interface_id": "",
                            "route.1882465144.vpc_peering_connection_id": "",
                            "tags.%": "1",
                            "tags.Name": "route-table-aba",
                            "vpc_id": "vpc-f5efb092"
                        },
                        "meta": {},
                        "tainted": false
                    },
                    "deposed": [],
                    "provider": ""
                },
                "aws_route_table_association.route-assoc-1a-aba": {
                    "type": "aws_route_table_association",
                    "depends_on": [
                        "aws_route_table.route-aba",
                        "aws_subnet.subnet-pub-eu-west-1a"
                    ],
                    "primary": {
                        "id": "rtbassoc-c40664bd",
                        "attributes": {
                            "id": "rtbassoc-c40664bd",
                            "route_table_id": "rtb-278e0641",
                            "subnet_id": "subnet-fe145c99"
                        },
                        "meta": {},
                        "tainted": false
                    },
                    "deposed": [],
                    "provider": ""
                },
                "aws_security_group.nat-aba": {
                    "type": "aws_security_group",
                    "depends_on": [
                        "aws_vpc.teraform-aba"
                    ],
                    "primary": {
                        "id": "sg-6855aa13",
                        "attributes": {
                            "description": "Allow traffic from the public subnet to the internet",
                            "egress.#": "0",
                            "id": "sg-6855aa13",
                            "ingress.#": "3",
                            "ingress.1462877919.cidr_blocks.#": "1",
                            "ingress.1462877919.cidr_blocks.0": "172.23.0.0/16",
                            "ingress.1462877919.description": "",
                            "ingress.1462877919.from_port": "80",
                            "ingress.1462877919.ipv6_cidr_blocks.#": "0",
                            "ingress.1462877919.protocol": "tcp",
                            "ingress.1462877919.security_groups.#": "0",
                            "ingress.1462877919.self": "false",
                            "ingress.1462877919.to_port": "80",
                            "ingress.2541437006.cidr_blocks.#": "1",
                            "ingress.2541437006.cidr_blocks.0": "0.0.0.0/0",
                            "ingress.2541437006.description": "",
                            "ingress.2541437006.from_port": "22",
                            "ingress.2541437006.ipv6_cidr_blocks.#": "0",
                            "ingress.2541437006.protocol": "tcp",
                            "ingress.2541437006.security_groups.#": "0",
                            "ingress.2541437006.self": "false",
                            "ingress.2541437006.to_port": "22",
                            "ingress.3964146362.cidr_blocks.#": "1",
                            "ingress.3964146362.cidr_blocks.0": "172.23.0.0/16",
                            "ingress.3964146362.description": "",
                            "ingress.3964146362.from_port": "443",
                            "ingress.3964146362.ipv6_cidr_blocks.#": "0",
                            "ingress.3964146362.protocol": "tcp",
                            "ingress.3964146362.security_groups.#": "0",
                            "ingress.3964146362.self": "false",
                            "ingress.3964146362.to_port": "443",
                            "name": "vpc_nat",
                            "owner_id": "628310051165",
                            "tags.%": "1",
                            "tags.Name": "aba-nat-sg",
                            "vpc_id": "vpc-f5efb092"
                        },
                        "meta": {},
                        "tainted": false
                    },
                    "deposed": [],
                    "provider": ""
                },
                "aws_subnet.subnet-pub-eu-west-1a": {
                    "type": "aws_subnet",
                    "depends_on": [
                        "aws_vpc.teraform-aba"
                    ],
                    "primary": {
                        "id": "subnet-fe145c99",
                        "attributes": {
                            "assign_ipv6_address_on_creation": "false",
                            "availability_zone": "eu-west-1a",
                            "cidr_block": "172.23.0.0/24",
                            "id": "subnet-fe145c99",
                            "map_public_ip_on_launch": "true",
                            "tags.%": "1",
                            "tags.Name": "subnet-aba-1a",
                            "vpc_id": "vpc-f5efb092"
                        },
                        "meta": {
                            "schema_version": "1"
                        },
                        "tainted": false
                    },
                    "deposed": [],
                    "provider": ""
                },
                "aws_subnet.subnet-pub-eu-west-1b": {
                    "type": "aws_subnet",
                    "depends_on": [
                        "aws_vpc.teraform-aba"
                    ],
                    "primary": {
                        "id": "subnet-b3edbefa",
                        "attributes": {
                            "assign_ipv6_address_on_creation": "false",
                            "availability_zone": "eu-west-1b",
                            "cidr_block": "172.23.1.0/24",
                            "id": "subnet-b3edbefa",
                            "map_public_ip_on_launch": "true",
                            "tags.%": "1",
                            "tags.Name": "subnet-aba-1b",
                            "vpc_id": "vpc-f5efb092"
                        },
                        "meta": {
                            "schema_version": "1"
                        },
                        "tainted": false
                    },
                    "deposed": [],
                    "provider": ""
                },
                "aws_vpc.teraform-aba": {
                    "type": "aws_vpc",
                    "depends_on": [],
                    "primary": {
                        "id": "vpc-f5efb092",
                        "attributes": {
                            "assign_generated_ipv6_cidr_block": "false",
                            "cidr_block": "172.23.0.0/16",
                            "default_network_acl_id": "acl-8cea16ea",
                            "default_route_table_id": "rtb-aced65ca",
                            "default_security_group_id": "sg-5b1ce320",
                            "dhcp_options_id": "dopt-9127f9f4",
                            "enable_classiclink": "false",
                            "enable_classiclink_dns_support": "false",
                            "enable_dns_hostnames": "false",
                            "enable_dns_support": "true",
                            "id": "vpc-f5efb092",
                            "instance_tenancy": "default",
                            "main_route_table_id": "rtb-aced65ca",
                            "tags.%": "1",
                            "tags.Name": "vpc-aba"
                        },
                        "meta": {
                            "schema_version": "1"
                        },
                        "tainted": false
                    },
                    "deposed": [],
                    "provider": ""
                }
            },
            "depends_on": []
        }
    ]
}
