{
    "version": 3,
    "terraform_version": "0.10.7",
    "serial": 12,
    "lineage": "9155d884-3fc3-4dc3-9b32-4e6de3b50329",
    "modules": [
        {
            "path": [
                "root"
            ],
            "outputs": {
                "public_ip": {
                    "sensitive": false,
                    "type": "string",
                    "value": "54.246.234.62"
                }
            },
            "resources": {
                "aws_instance.instance-aba": {
                    "type": "aws_instance",
                    "depends_on": [
                        "aws_key_pair.deployer",
                        "aws_security_group.nat-aba",
                        "aws_subnet.subnet-pub-eu-west-1a",
                        "data.aws_ami.ubuntu",
                        "data.template_file.data-aba"
                    ],
                    "primary": {
                        "id": "i-05e71b5cd1ab7873c",
                        "attributes": {
                            "ami": "ami-eed00d97",
                            "associate_public_ip_address": "true",
                            "availability_zone": "eu-west-1a",
                            "disable_api_termination": "false",
                            "ebs_block_device.#": "0",
                            "ebs_optimized": "false",
                            "ephemeral_block_device.#": "0",
                            "iam_instance_profile": "",
                            "id": "i-05e71b5cd1ab7873c",
                            "instance_state": "running",
                            "instance_type": "t2.micro",
                            "ipv6_addresses.#": "0",
                            "key_name": "aba-key",
                            "monitoring": "false",
                            "network_interface.#": "0",
                            "network_interface_id": "eni-055c2329",
                            "primary_network_interface_id": "eni-055c2329",
                            "private_dns": "ip-172-23-0-10.eu-west-1.compute.internal",
                            "private_ip": "172.23.0.10",
                            "public_dns": "",
                            "public_ip": "54.246.234.62",
                            "root_block_device.#": "1",
                            "root_block_device.0.delete_on_termination": "true",
                            "root_block_device.0.iops": "100",
                            "root_block_device.0.volume_size": "8",
                            "root_block_device.0.volume_type": "gp2",
                            "security_groups.#": "0",
                            "source_dest_check": "false",
                            "subnet_id": "subnet-7a571f1d",
                            "tags.%": "1",
                            "tags.Name": "instance-aba",
                            "tenancy": "default",
                            "user_data": "9e8671e83ba1c093a105294d19b0c5f419951d61",
                            "volume_tags.%": "0",
                            "vpc_security_group_ids.#": "1",
                            "vpc_security_group_ids.2766400044": "sg-1ac73961"
                        },
                        "meta": {
                            "e2bfb730-ecaa-11e6-8f88-34363bc7c4c0": {
                                "create": 600000000000,
                                "delete": 600000000000,
                                "update": 600000000000
                            },
                            "schema_version": "1"
                        },
                        "tainted": false
                    },
                    "deposed": [],
                    "provider": ""
                },
                "aws_internet_gateway.aba-igw": {
                    "type": "aws_internet_gateway",
                    "depends_on": [
                        "aws_vpc.vpc-aba"
                    ],
                    "primary": {
                        "id": "igw-1bc1267c",
                        "attributes": {
                            "id": "igw-1bc1267c",
                            "tags.%": "0",
                            "vpc_id": "vpc-565d0331"
                        },
                        "meta": {},
                        "tainted": false
                    },
                    "deposed": [],
                    "provider": ""
                },
                "aws_key_pair.deployer": {
                    "type": "aws_key_pair",
                    "depends_on": [],
                    "primary": {
                        "id": "aba-key",
                        "attributes": {
                            "fingerprint": "65:cf:4e:89:48:43:63:62:0f:4e:11:56:59:4c:a9:2b",
                            "id": "aba-key",
                            "key_name": "aba-key",
                            "public_key": "ssh-rsa AAAAB3NzaC1yc2EAAAADAQABAAABAQDLWXWhvR8y0GYQbHo4YA6gZ4yyGQj+sba36axQOm1wjMJEay+4TMA3JCyTk6JTSf2nwYzLljzjmbn8jG3YUl51hZ2V7PoWcgDqug3DtwoEezymqsI9PxCHXiEZ93sEvYMgbxEf7GBmPJ1bNo13wEwphxX/bHiIAobpX9qNJd9FHQSAxIitCG+2wvfwvUwglrGh3OfQQkH4b6Y7h7TAL8VO7inM3Fm7n2n/30nDGpUXZnwdEcBZR6mOlHh1JlOV3Gb/rnppFvPxiraqBeIYos5NhHhg2QfgXo2L2LKQ0UurwRSRbtq4Xg8h/yzdtRFf7v2GTjy8Y8H4c1xbOO1vDyLJ root@ip-172-31-12-205"
                        },
                        "meta": {
                            "schema_version": "1"
                        },
                        "tainted": false
                    },
                    "deposed": [],
                    "provider": ""
                },
                "aws_route_table.route-aba": {
                    "type": "aws_route_table",
                    "depends_on": [
                        "aws_internet_gateway.aba-igw",
                        "aws_vpc.vpc-aba"
                    ],
                    "primary": {
                        "id": "rtb-7158d017",
                        "attributes": {
                            "id": "rtb-7158d017",
                            "propagating_vgws.#": "0",
                            "route.#": "1",
                            "route.1882465144.cidr_block": "0.0.0.0/0",
                            "route.1882465144.egress_only_gateway_id": "",
                            "route.1882465144.gateway_id": "igw-1bc1267c",
                            "route.1882465144.instance_id": "",
                            "route.1882465144.ipv6_cidr_block": "",
                            "route.1882465144.nat_gateway_id": "",
                            "route.1882465144.network_interface_id": "",
                            "route.1882465144.vpc_peering_connection_id": "",
                            "tags.%": "1",
                            "tags.Name": "route-table-aba",
                            "vpc_id": "vpc-565d0331"
                        },
                        "meta": {},
                        "tainted": false
                    },
                    "deposed": [],
                    "provider": ""
                },
                "aws_route_table_association.route-assoc-1a-aba": {
                    "type": "aws_route_table_association",
                    "depends_on": [
                        "aws_route_table.route-aba",
                        "aws_subnet.subnet-pub-eu-west-1a"
                    ],
                    "primary": {
                        "id": "rtbassoc-6da7c514",
                        "attributes": {
                            "id": "rtbassoc-6da7c514",
                            "route_table_id": "rtb-7158d017",
                            "subnet_id": "subnet-7a571f1d"
                        },
                        "meta": {},
                        "tainted": false
                    },
                    "deposed": [],
                    "provider": ""
                },
                "aws_route_table_association.route-assoc-1b-aba": {
                    "type": "aws_route_table_association",
                    "depends_on": [
                        "aws_route_table.route-aba",
                        "aws_subnet.subnet-pub-eu-west-1b"
                    ],
                    "primary": {
                        "id": "rtbassoc-72a6c40b",
                        "attributes": {
                            "id": "rtbassoc-72a6c40b",
                            "route_table_id": "rtb-7158d017",
                            "subnet_id": "subnet-86287acf"
                        },
                        "meta": {},
                        "tainted": false
                    },
                    "deposed": [],
                    "provider": ""
                },
                "aws_security_group.nat-aba": {
                    "type": "aws_security_group",
                    "depends_on": [
                        "aws_vpc.vpc-aba"
                    ],
                    "primary": {
                        "id": "sg-1ac73961",
                        "attributes": {
                            "description": "Allow traffic from the public subnet to the internet",
                            "egress.#": "2",
                            "egress.2214680975.cidr_blocks.#": "1",
                            "egress.2214680975.cidr_blocks.0": "0.0.0.0/0",
                            "egress.2214680975.description": "",
                            "egress.2214680975.from_port": "80",
                            "egress.2214680975.ipv6_cidr_blocks.#": "0",
                            "egress.2214680975.prefix_list_ids.#": "0",
                            "egress.2214680975.protocol": "tcp",
                            "egress.2214680975.security_groups.#": "0",
                            "egress.2214680975.self": "false",
                            "egress.2214680975.to_port": "80",
                            "egress.2617001939.cidr_blocks.#": "1",
                            "egress.2617001939.cidr_blocks.0": "0.0.0.0/0",
                            "egress.2617001939.description": "",
                            "egress.2617001939.from_port": "443",
                            "egress.2617001939.ipv6_cidr_blocks.#": "0",
                            "egress.2617001939.prefix_list_ids.#": "0",
                            "egress.2617001939.protocol": "tcp",
                            "egress.2617001939.security_groups.#": "0",
                            "egress.2617001939.self": "false",
                            "egress.2617001939.to_port": "443",
                            "id": "sg-1ac73961",
                            "ingress.#": "3",
                            "ingress.2214680975.cidr_blocks.#": "1",
                            "ingress.2214680975.cidr_blocks.0": "0.0.0.0/0",
                            "ingress.2214680975.description": "",
                            "ingress.2214680975.from_port": "80",
                            "ingress.2214680975.ipv6_cidr_blocks.#": "0",
                            "ingress.2214680975.protocol": "tcp",
                            "ingress.2214680975.security_groups.#": "0",
                            "ingress.2214680975.self": "false",
                            "ingress.2214680975.to_port": "80",
                            "ingress.2541437006.cidr_blocks.#": "1",
                            "ingress.2541437006.cidr_blocks.0": "0.0.0.0/0",
                            "ingress.2541437006.description": "",
                            "ingress.2541437006.from_port": "22",
                            "ingress.2541437006.ipv6_cidr_blocks.#": "0",
                            "ingress.2541437006.protocol": "tcp",
                            "ingress.2541437006.security_groups.#": "0",
                            "ingress.2541437006.self": "false",
                            "ingress.2541437006.to_port": "22",
                            "ingress.3964146362.cidr_blocks.#": "1",
                            "ingress.3964146362.cidr_blocks.0": "172.23.0.0/16",
                            "ingress.3964146362.description": "",
                            "ingress.3964146362.from_port": "443",
                            "ingress.3964146362.ipv6_cidr_blocks.#": "0",
                            "ingress.3964146362.protocol": "tcp",
                            "ingress.3964146362.security_groups.#": "0",
                            "ingress.3964146362.self": "false",
                            "ingress.3964146362.to_port": "443",
                            "name": "vpc_nat",
                            "owner_id": "628310051165",
                            "tags.%": "1",
                            "tags.Name": "aba-nat-sg",
                            "vpc_id": "vpc-565d0331"
                        },
                        "meta": {},
                        "tainted": false
                    },
                    "deposed": [],
                    "provider": ""
                },
                "aws_subnet.subnet-pub-eu-west-1a": {
                    "type": "aws_subnet",
                    "depends_on": [
                        "aws_vpc.vpc-aba"
                    ],
                    "primary": {
                        "id": "subnet-7a571f1d",
                        "attributes": {
                            "assign_ipv6_address_on_creation": "false",
                            "availability_zone": "eu-west-1a",
                            "cidr_block": "172.23.0.0/24",
                            "id": "subnet-7a571f1d",
                            "map_public_ip_on_launch": "false",
                            "tags.%": "1",
                            "tags.Name": "subnet-aba-1a",
                            "vpc_id": "vpc-565d0331"
                        },
                        "meta": {
                            "schema_version": "1"
                        },
                        "tainted": false
                    },
                    "deposed": [],
                    "provider": ""
                },
                "aws_subnet.subnet-pub-eu-west-1b": {
                    "type": "aws_subnet",
                    "depends_on": [
                        "aws_vpc.vpc-aba"
                    ],
                    "primary": {
                        "id": "subnet-86287acf",
                        "attributes": {
                            "assign_ipv6_address_on_creation": "false",
                            "availability_zone": "eu-west-1b",
                            "cidr_block": "172.23.1.0/24",
                            "id": "subnet-86287acf",
                            "map_public_ip_on_launch": "false",
                            "tags.%": "1",
                            "tags.Name": "subnet-aba-1b",
                            "vpc_id": "vpc-565d0331"
                        },
                        "meta": {
                            "schema_version": "1"
                        },
                        "tainted": false
                    },
                    "deposed": [],
                    "provider": ""
                },
                "aws_vpc.vpc-aba": {
                    "type": "aws_vpc",
                    "depends_on": [],
                    "primary": {
                        "id": "vpc-565d0331",
                        "attributes": {
                            "assign_generated_ipv6_cidr_block": "false",
                            "cidr_block": "172.23.0.0/16",
                            "default_network_acl_id": "acl-de0ff3b8",
                            "default_route_table_id": "rtb-6941c90f",
                            "default_security_group_id": "sg-02c93779",
                            "dhcp_options_id": "dopt-9127f9f4",
                            "enable_classiclink": "false",
                            "enable_classiclink_dns_support": "false",
                            "enable_dns_hostnames": "false",
                            "enable_dns_support": "true",
                            "id": "vpc-565d0331",
                            "instance_tenancy": "default",
                            "main_route_table_id": "rtb-6941c90f",
                            "tags.%": "1",
                            "tags.Name": "vpc-aba"
                        },
                        "meta": {
                            "schema_version": "1"
                        },
                        "tainted": false
                    },
                    "deposed": [],
                    "provider": ""
                },
                "data.aws_ami.ubuntu": {
                    "type": "aws_ami",
                    "depends_on": [],
                    "primary": {
                        "id": "ami-eed00d97",
                        "attributes": {
                            "architecture": "x86_64",
                            "block_device_mappings.#": "3",
                            "block_device_mappings.1634610537.device_name": "/dev/sdb",
                            "block_device_mappings.1634610537.ebs.%": "0",
                            "block_device_mappings.1634610537.no_device": "",
                            "block_device_mappings.1634610537.virtual_name": "ephemeral0",
                            "block_device_mappings.2547816212.device_name": "/dev/sda1",
                            "block_device_mappings.2547816212.ebs.%": "6",
                            "block_device_mappings.2547816212.ebs.delete_on_termination": "true",
                            "block_device_mappings.2547816212.ebs.encrypted": "false",
                            "block_device_mappings.2547816212.ebs.iops": "0",
                            "block_device_mappings.2547816212.ebs.snapshot_id": "snap-081f2b4abff1a8f45",
                            "block_device_mappings.2547816212.ebs.volume_size": "8",
                            "block_device_mappings.2547816212.ebs.volume_type": "gp2",
                            "block_device_mappings.2547816212.no_device": "",
                            "block_device_mappings.2547816212.virtual_name": "",
                            "block_device_mappings.3850042718.device_name": "/dev/sdc",
                            "block_device_mappings.3850042718.ebs.%": "0",
                            "block_device_mappings.3850042718.no_device": "",
                            "block_device_mappings.3850042718.virtual_name": "ephemeral1",
                            "creation_date": "2017-10-13T19:37:12.000Z",
                            "description": "Canonical, Ubuntu, 16.04 LTS, amd64 xenial image build on 2017-10-11",
                            "filter.#": "2",
                            "filter.1585153008.name": "name",
                            "filter.1585153008.values.#": "1",
                            "filter.1585153008.values.0": "ubuntu/images/hvm-ssd/ubuntu-xenial-16.04-amd64-server-*",
                            "filter.490168357.name": "virtualization-type",
                            "filter.490168357.values.#": "1",
                            "filter.490168357.values.0": "hvm",
                            "hypervisor": "xen",
                            "id": "ami-eed00d97",
                            "image_id": "ami-eed00d97",
                            "image_location": "099720109477/ubuntu/images/hvm-ssd/ubuntu-xenial-16.04-amd64-server-20171011",
                            "image_type": "machine",
                            "most_recent": "true",
                            "name": "ubuntu/images/hvm-ssd/ubuntu-xenial-16.04-amd64-server-20171011",
                            "owner_id": "099720109477",
                            "owners.#": "1",
                            "owners.0": "099720109477",
                            "product_codes.#": "0",
                            "public": "true",
                            "root_device_name": "/dev/sda1",
                            "root_device_type": "ebs",
                            "root_snapshot_id": "snap-081f2b4abff1a8f45",
                            "sriov_net_support": "simple",
                            "state": "available",
                            "state_reason.%": "2",
                            "state_reason.code": "UNSET",
                            "state_reason.message": "UNSET",
                            "tags.%": "0",
                            "virtualization_type": "hvm"
                        },
                        "meta": {},
                        "tainted": false
                    },
                    "deposed": [],
                    "provider": ""
                },
                "data.template_file.data-aba": {
                    "type": "template_file",
                    "depends_on": [],
                    "primary": {
                        "id": "e212398635582134c5dfc022886b685e0a9f11616c7e62c13a6ac52a21b020c2",
                        "attributes": {
                            "id": "e212398635582134c5dfc022886b685e0a9f11616c7e62c13a6ac52a21b020c2",
                            "rendered": "#!/usr/bin/env bash\n\napt-get update -q\napt-get upgrade -y\napt-get install -y git nginx\nrm /etc/nginx/sites-enabled/default \ncat \u003e /etc/nginx/conf.d/webapp.conf \u003c\u003cEOF\nserver {\n    listen 80;\n    server_name _;\n    root /var/webapp;\n}\nEOF\nHOST=`hostname`\ngit clone https://github.com/d2si/webapp.git /var/webapp\nsed -i \"s#everybody#A. BALDE at $HOST#\" /var/webapp/index.html\nsystemctl restart nginx\n#service nginx restart\n",
                            "template": "#!/usr/bin/env bash\n\napt-get update -q\napt-get upgrade -y\napt-get install -y git nginx\nrm /etc/nginx/sites-enabled/default \ncat \u003e /etc/nginx/conf.d/webapp.conf \u003c\u003cEOF\nserver {\n    listen 80;\n    server_name _;\n    root /var/webapp;\n}\nEOF\nHOST=`hostname`\ngit clone https://github.com/d2si/webapp.git /var/webapp\nsed -i \"s#everybody#${username} at $HOST#\" /var/webapp/index.html\nsystemctl restart nginx\n#service nginx restart\n",
                            "vars.%": "1",
                            "vars.username": "A. BALDE"
                        },
                        "meta": {},
                        "tainted": false
                    },
                    "deposed": [],
                    "provider": ""
                }
            },
            "depends_on": []
        }
    ]
}
