{
    "version": 3,
    "terraform_version": "0.10.7",
    "serial": 15,
    "lineage": "9155d884-3fc3-4dc3-9b32-4e6de3b50329",
    "modules": [
        {
            "path": [
                "root"
            ],
            "outputs": {
                "cidr_block": {
                    "sensitive": false,
                    "type": "string",
                    "value": "172.23.0.0/16"
                },
                "route_table_aba": {
                    "sensitive": false,
                    "type": "string",
                    "value": "rtb-7158d017"
                },
                "subnet_pub_west_1a_aba": {
                    "sensitive": false,
                    "type": "string",
                    "value": "subnet-7a571f1d"
                },
                "subnet_pub_west_1b_aba": {
                    "sensitive": false,
                    "type": "string",
                    "value": "subnet-86287acf"
                },
                "vpc_aba": {
                    "sensitive": false,
                    "type": "string",
                    "value": "vpc-565d0331"
                }
            },
            "resources": {
                "aws_internet_gateway.aba-igw": {
                    "type": "aws_internet_gateway",
                    "depends_on": [
                        "aws_vpc.vpc-aba"
                    ],
                    "primary": {
                        "id": "igw-1bc1267c",
                        "attributes": {
                            "id": "igw-1bc1267c",
                            "tags.%": "0",
                            "vpc_id": "vpc-565d0331"
                        },
                        "meta": {},
                        "tainted": false
                    },
                    "deposed": [],
                    "provider": ""
                },
                "aws_route_table.route-aba": {
                    "type": "aws_route_table",
                    "depends_on": [
                        "aws_internet_gateway.aba-igw",
                        "aws_vpc.vpc-aba"
                    ],
                    "primary": {
                        "id": "rtb-7158d017",
                        "attributes": {
                            "id": "rtb-7158d017",
                            "propagating_vgws.#": "0",
                            "route.#": "1",
                            "route.1882465144.cidr_block": "0.0.0.0/0",
                            "route.1882465144.egress_only_gateway_id": "",
                            "route.1882465144.gateway_id": "igw-1bc1267c",
                            "route.1882465144.instance_id": "",
                            "route.1882465144.ipv6_cidr_block": "",
                            "route.1882465144.nat_gateway_id": "",
                            "route.1882465144.network_interface_id": "",
                            "route.1882465144.vpc_peering_connection_id": "",
                            "tags.%": "1",
                            "tags.Name": "route-table-aba",
                            "vpc_id": "vpc-565d0331"
                        },
                        "meta": {},
                        "tainted": false
                    },
                    "deposed": [],
                    "provider": ""
                },
                "aws_route_table_association.route-assoc-1a-aba": {
                    "type": "aws_route_table_association",
                    "depends_on": [
                        "aws_route_table.route-aba",
                        "aws_subnet.subnet-pub-eu-west-1a"
                    ],
                    "primary": {
                        "id": "rtbassoc-6da7c514",
                        "attributes": {
                            "id": "rtbassoc-6da7c514",
                            "route_table_id": "rtb-7158d017",
                            "subnet_id": "subnet-7a571f1d"
                        },
                        "meta": {},
                        "tainted": false
                    },
                    "deposed": [],
                    "provider": ""
                },
                "aws_route_table_association.route-assoc-1b-aba": {
                    "type": "aws_route_table_association",
                    "depends_on": [
                        "aws_route_table.route-aba",
                        "aws_subnet.subnet-pub-eu-west-1b"
                    ],
                    "primary": {
                        "id": "rtbassoc-72a6c40b",
                        "attributes": {
                            "id": "rtbassoc-72a6c40b",
                            "route_table_id": "rtb-7158d017",
                            "subnet_id": "subnet-86287acf"
                        },
                        "meta": {},
                        "tainted": false
                    },
                    "deposed": [],
                    "provider": ""
                },
                "aws_subnet.subnet-pub-eu-west-1a": {
                    "type": "aws_subnet",
                    "depends_on": [
                        "aws_vpc.vpc-aba"
                    ],
                    "primary": {
                        "id": "subnet-7a571f1d",
                        "attributes": {
                            "assign_ipv6_address_on_creation": "false",
                            "availability_zone": "eu-west-1a",
                            "cidr_block": "172.23.0.0/24",
                            "id": "subnet-7a571f1d",
                            "map_public_ip_on_launch": "false",
                            "tags.%": "1",
                            "tags.Name": "subnet-aba-1a",
                            "vpc_id": "vpc-565d0331"
                        },
                        "meta": {
                            "schema_version": "1"
                        },
                        "tainted": false
                    },
                    "deposed": [],
                    "provider": ""
                },
                "aws_subnet.subnet-pub-eu-west-1b": {
                    "type": "aws_subnet",
                    "depends_on": [
                        "aws_vpc.vpc-aba"
                    ],
                    "primary": {
                        "id": "subnet-86287acf",
                        "attributes": {
                            "assign_ipv6_address_on_creation": "false",
                            "availability_zone": "eu-west-1b",
                            "cidr_block": "172.23.1.0/24",
                            "id": "subnet-86287acf",
                            "map_public_ip_on_launch": "false",
                            "tags.%": "1",
                            "tags.Name": "subnet-aba-1b",
                            "vpc_id": "vpc-565d0331"
                        },
                        "meta": {
                            "schema_version": "1"
                        },
                        "tainted": false
                    },
                    "deposed": [],
                    "provider": ""
                },
                "aws_vpc.vpc-aba": {
                    "type": "aws_vpc",
                    "depends_on": [],
                    "primary": {
                        "id": "vpc-565d0331",
                        "attributes": {
                            "assign_generated_ipv6_cidr_block": "false",
                            "cidr_block": "172.23.0.0/16",
                            "default_network_acl_id": "acl-de0ff3b8",
                            "default_route_table_id": "rtb-6941c90f",
                            "default_security_group_id": "sg-02c93779",
                            "dhcp_options_id": "dopt-9127f9f4",
                            "enable_classiclink": "false",
                            "enable_classiclink_dns_support": "false",
                            "enable_dns_hostnames": "false",
                            "enable_dns_support": "true",
                            "id": "vpc-565d0331",
                            "instance_tenancy": "default",
                            "main_route_table_id": "rtb-6941c90f",
                            "tags.%": "1",
                            "tags.Name": "vpc-aba"
                        },
                        "meta": {
                            "schema_version": "1"
                        },
                        "tainted": false
                    },
                    "deposed": [],
                    "provider": ""
                }
            },
            "depends_on": []
        }
    ]
}
